
Microsoft Visual Studio Solution File, Format Version 12.00
# Visual Studio Version 16
VisualStudioVersion = 16.0.31729.503
MinimumVisualStudioVersion = 10.0.40219.1
Project("{FAE04EC0-301F-11D3-BF4B-00C04F79EFBC}") = "Address_Book_System_All", "Address_Book_System_All\Address_Book_System_All.csproj", "{8B514D22-B991-4085-818C-BC835304EA6F}"
EndProject
Global
	GlobalSection(SolutionConfigurationPlatforms) = preSolution
		Debug|Any CPU = Debug|Any CPU
		Release|Any CPU = Release|Any CPU
	EndGlobalSection
	GlobalSection(ProjectConfigurationPlatforms) = postSolution
		{8B514D22-B991-4085-818C-BC835304EA6F}.Debug|Any CPU.ActiveCfg = Debug|Any CPU
		{8B514D22-B991-4085-818C-BC835304EA6F}.Debug|Any CPU.Build.0 = Debug|Any CPU
		{8B514D22-B991-4085-818C-BC835304EA6F}.Release|Any CPU.ActiveCfg = Release|Any CPU
		{8B514D22-B991-4085-818C-BC835304EA6F}.Release|Any CPU.Build.0 = Release|Any CPU
	EndGlobalSection
	GlobalSection(SolutionProperties) = preSolution
		HideSolutionNode = FALSE
	EndGlobalSection
	GlobalSection(ExtensibilityGlobals) = postSolution
		SolutionGuid = {7D10E192-94B9-4B01-B358-ACB460BE0600}
	EndGlobalSection
EndGlobal
